
Microsoft Visual Studio Solution File, Format Version 12.00
# Visual Studio Version 17
VisualStudioVersion = 17.5.33424.131
MinimumVisualStudioVersion = 10.0.40219.1
Project("{FAE04EC0-301F-11D3-BF4B-00C04F79EFBC}") = "KuzeyYeli.WinForm", "KuzeyYelli\KuzeyYeli.WinForm.csproj", "{4B01BCD1-6E2A-4AAC-8639-818680066260}"
EndProject
Project("{FAE04EC0-301F-11D3-BF4B-00C04F79EFBC}") = "KuzeyYeli.ORM", "KUZEYYELİ.ORM\KuzeyYeli.ORM.csproj", "{9A38857C-865A-43A7-80F7-6416AF993E5E}"
EndProject
Global
	GlobalSection(SolutionConfigurationPlatforms) = preSolution
		Debug|Any CPU = Debug|Any CPU
		Release|Any CPU = Release|Any CPU
	EndGlobalSection
	GlobalSection(ProjectConfigurationPlatforms) = postSolution
		{4B01BCD1-6E2A-4AAC-8639-818680066260}.Debug|Any CPU.ActiveCfg = Debug|Any CPU
		{4B01BCD1-6E2A-4AAC-8639-818680066260}.Debug|Any CPU.Build.0 = Debug|Any CPU
		{4B01BCD1-6E2A-4AAC-8639-818680066260}.Release|Any CPU.ActiveCfg = Release|Any CPU
		{4B01BCD1-6E2A-4AAC-8639-818680066260}.Release|Any CPU.Build.0 = Release|Any CPU
		{9A38857C-865A-43A7-80F7-6416AF993E5E}.Debug|Any CPU.ActiveCfg = Debug|Any CPU
		{9A38857C-865A-43A7-80F7-6416AF993E5E}.Debug|Any CPU.Build.0 = Debug|Any CPU
		{9A38857C-865A-43A7-80F7-6416AF993E5E}.Release|Any CPU.ActiveCfg = Release|Any CPU
		{9A38857C-865A-43A7-80F7-6416AF993E5E}.Release|Any CPU.Build.0 = Release|Any CPU
	EndGlobalSection
	GlobalSection(SolutionProperties) = preSolution
		HideSolutionNode = FALSE
	EndGlobalSection
	GlobalSection(ExtensibilityGlobals) = postSolution
		SolutionGuid = {5F6919F9-97A4-4E45-823C-33114974264E}
	EndGlobalSection
EndGlobal
